
Microsoft Visual Studio Solution File, Format Version 12.00
Project("{FAE04EC0-301F-11D3-BF4B-00C04F79EFBC}") = "InheritanceAnimals", "InheritanceAnimals\InheritanceAnimals.csproj", "{60933532-8097-4F84-BEB4-C89095EF64DE}"
EndProject
Global
	GlobalSection(SolutionConfigurationPlatforms) = preSolution
		Debug|Any CPU = Debug|Any CPU
		Release|Any CPU = Release|Any CPU
	EndGlobalSection
	GlobalSection(ProjectConfigurationPlatforms) = postSolution
		{60933532-8097-4F84-BEB4-C89095EF64DE}.Debug|Any CPU.ActiveCfg = Debug|Any CPU
		{60933532-8097-4F84-BEB4-C89095EF64DE}.Debug|Any CPU.Build.0 = Debug|Any CPU
		{60933532-8097-4F84-BEB4-C89095EF64DE}.Release|Any CPU.ActiveCfg = Release|Any CPU
		{60933532-8097-4F84-BEB4-C89095EF64DE}.Release|Any CPU.Build.0 = Release|Any CPU
	EndGlobalSection
EndGlobal
